
Microsoft Visual Studio Solution File, Format Version 12.00
# Visual Studio Version 17
VisualStudioVersion = 17.2.32630.192
MinimumVisualStudioVersion = 10.0.40219.1
Project("{FAE04EC0-301F-11D3-BF4B-00C04F79EFBC}") = "ConnectDemo", "ConnectDemo\ConnectDemo.csproj", "{20219650-4109-4A80-A8E9-5D152D98F3CC}"
EndProject
Global
	GlobalSection(SolutionConfigurationPlatforms) = preSolution
		Debug|Any CPU = Debug|Any CPU
		Release|Any CPU = Release|Any CPU
	EndGlobalSection
	GlobalSection(ProjectConfigurationPlatforms) = postSolution
		{20219650-4109-4A80-A8E9-5D152D98F3CC}.Debug|Any CPU.ActiveCfg = Debug|Any CPU
		{20219650-4109-4A80-A8E9-5D152D98F3CC}.Debug|Any CPU.Build.0 = Debug|Any CPU
		{20219650-4109-4A80-A8E9-5D152D98F3CC}.Release|Any CPU.ActiveCfg = Release|Any CPU
		{20219650-4109-4A80-A8E9-5D152D98F3CC}.Release|Any CPU.Build.0 = Release|Any CPU
	EndGlobalSection
	GlobalSection(SolutionProperties) = preSolution
		HideSolutionNode = FALSE
	EndGlobalSection
	GlobalSection(ExtensibilityGlobals) = postSolution
		SolutionGuid = {F92F3EB0-F4D2-442B-BE0F-F97BD69FEE90}
	EndGlobalSection
EndGlobal
